<?xml version="1.0" encoding="utf-8"?>
<Project ToolsVersion="4.0" xmlns="http://schemas.microsoft.com/developer/msbuild/2003">
  <ItemGroup>
    <Filter Include="Source Files">
      <UniqueIdentifier>{4FC737F1-C7A5-4376-A066-2A32D752A2FF}</UniqueIdentifier>
      <Extensions>cpp;c;cc;cxx;c++;cppm;ixx;def;odl;idl;hpj;bat;asm;asmx</Extensions>
    </Filter>
    <Filter Include="Header Files">
      <UniqueIdentifier>{93995380-89BD-4b04-88EB-625FBE52EBFB}</UniqueIdentifier>
      <Extensions>h;hh;hpp;hxx;h++;hm;inl;inc;ipp;xsd</Extensions>
    </Filter>
    <Filter Include="Resource Files">
      <UniqueIdentifier>{67DA6AB6-F800-4c08-8B7A-83BB121AAD01}</UniqueIdentifier>
      <Extensions>rc;ico;cur;bmp;dlg;rc2;rct;bin;rgs;gif;jpg;jpeg;jpe;resx;tiff;tif;png;wav;mfcribbon-ms</Extensions>
    </Filter>
  </ItemGroup>
  <ItemGroup>
    <ClCompile Include="..\Src\glad\glad.c">
      <Filter>Source Files</Filter>
    </ClCompile>
    <ClCompile Include="Src\Private\Main.cpp">
      <Filter>Source Files</Filter>
    </ClCompile>
    <ClCompile Include="Src\Private\Components\Shader.cpp">
      <Filter>Source Files</Filter>
    </ClCompile>
    <ClCompile Include="Src\Private\Utilties\stb_image.cpp">
      <Filter>Source Files</Filter>
    </ClCompile>
    <ClCompile Include="Src\Private\Components\Camera.cpp">
      <Filter>Source Files</Filter>
    </ClCompile>
    <ClCompile Include="Src\Private\GameModules\Game.cpp">
      <Filter>Source Files</Filter>
    </ClCompile>
    <ClCompile Include="Src\Private\GameModules\CubesGame.cpp">
      <Filter>Source Files</Filter>
    </ClCompile>
    <ClCompile Include="Src\Public\GameModules\LightGame.h">
      <Filter>Source Files</Filter>
    </ClCompile>
    <ClCompile Include="Src\Private\GameModules\LightGame.cpp">
      <Filter>Source Files</Filter>
    </ClCompile>
    <ClCompile Include="Src\Public\Utilities\EngineTypes.h">
      <Filter>Source Files</Filter>
    </ClCompile>
    <ClCompile Include="Src\Private\Components\Mesh.cpp">
      <Filter>Source Files</Filter>
    </ClCompile>
    <ClCompile Include="Src\Private\Components\Model.cpp">
      <Filter>Source Files</Filter>
    </ClCompile>
    <ClCompile Include="Src\Private\Utilties\EngineUtilities.cpp">
      <Filter>Source Files</Filter>
    </ClCompile>
    <ClCompile Include="Src\Private\GameModules\ModelGame.cpp">
      <Filter>Source Files</Filter>
    </ClCompile>
    <ClCompile Include="Src\Private\GameModules\DepthTestGame.cpp">
      <Filter>Source Files</Filter>
    </ClCompile>
  </ItemGroup>
  <ItemGroup>
    <None Include="Shaders\VertexShader.glsl" />
    <None Include="Shaders\FragmentShader.glsl" />
    <None Include="Shaders\LightScene\VertexShader.glsl" />
    <None Include="Shaders\LightScene\FragmentShader.glsl" />
    <None Include="Shaders\LightScene\LightFragmentShader.glsl" />
    <None Include="Shaders\LightScene\LightVertexShader.glsl" />
    <None Include="Shaders\MeshScene\FragmentShader.glsl" />
    <None Include="Shaders\MeshScene\VertexShader.glsl" />
  </ItemGroup>
  <ItemGroup>
    <ClInclude Include="Src\Public\Components\Shader.h">
      <Filter>Header Files</Filter>
    </ClInclude>
    <ClInclude Include="Src\Public\Utilities\stb_image.h">
      <Filter>Header Files</Filter>
    </ClInclude>
    <ClInclude Include="Src\Public\Components\Camera.h">
      <Filter>Header Files</Filter>
    </ClInclude>
    <ClInclude Include="Src\Public\GameModules\Game.h">
      <Filter>Header Files</Filter>
    </ClInclude>
    <ClInclude Include="Src\Public\GameModules\CubesGame.h">
      <Filter>Header Files</Filter>
    </ClInclude>
    <ClInclude Include="Src\Public\Components\Mesh.h">
      <Filter>Header Files</Filter>
    </ClInclude>
    <ClInclude Include="Src\Public\Components\Model.h">
      <Filter>Header Files</Filter>
    </ClInclude>
    <ClInclude Include="Src\Public\Utilities\EngineUtilities.h">
      <Filter>Header Files</Filter>
    </ClInclude>
    <ClInclude Include="Src\Public\GameModules\ModelGame.h">
      <Filter>Header Files</Filter>
    </ClInclude>
    <ClInclude Include="Src\Public\GameModules\DepthTestGame.h">
      <Filter>Header Files</Filter>
    </ClInclude>
  </ItemGroup>
</Project>